lockfileVersion: '9.0'

settings:
  autoInstallPeers: true
  excludeLinksFromLockfile: false

importers:

  .:
    dependencies:
      '@fable-org/fable-library-js':
        specifier: ^2.1.1
        version: 2.1.1
      '@opencode-ai/plugin':
        specifier: ^1.17.4
        version: 1.17.6
    optionalDependencies:
      '@ff-labs/fff-node':
        specifier: ^0.9.4
        version: 0.9.4
      '@kreuzberg/tree-sitter-language-pack':
        specifier: ^1.8.1
        version: 1.8.1
      es-module-lexer:
        specifier: ^2.1.0
        version: 2.1.0
      highlight.js:
        specifier: ^11.11.1
        version: 11.11.1
      tsx:
        specifier: ^4.22.4
        version: 4.22.4

packages:

  '@esbuild/aix-ppc64@0.28.1':
    resolution: {integrity: sha512-Svl7tq8k/08+p6CXPpRjQ1fKX+1odH/BQbb48fV6fj3CWHhsoIOoY87w1oHXm0qEpkIK3ZfVgp0hed3XBXzXMQ==}
    engines: {node: '>=18'}
    cpu: [ppc64]
    os: [aix]

  '@esbuild/android-arm64@0.28.1':
    resolution: {integrity: sha512-34EGEbCIAgosYz6goLcopX6Mo7NyGv9tfwEM2/7Ce2VcVRk568iSvniGWcUXIy7wEDR1wzolcxcriFVrWYcwBg==}
    engines: {node: '>=18'}
    cpu: [arm64]
    os: [android]

  '@esbuild/android-arm@0.28.1':
    resolution: {integrity: sha512-0k2F129Xdio1TdJfzJ8sy1Q47vUD2NnwdhiAf7drUN1EBTfPf4hsFCtmMgu/6m8JSzsBrlmVjudMBQqOfG8usQ==}
    engines: {node: '>=18'}
    cpu: [arm]
    os: [android]

  '@esbuild/android-x64@0.28.1':
    resolution: {integrity: sha512-dbwY7ltSMDWsRatcRpCnES4F+im88OCUgGZjy52shC7GqHRE/cYlxNbB4Z4UpJswpcc4Qxd2oE/ufM0p61IKng==}
    engines: {node: '>=18'}
    cpu: [x64]
    os: [android]

  '@esbuild/darwin-arm64@0.28.1':
    resolution: {integrity: sha512-TZbWkQY7kvTAXbXUT7uVACR5cMHsDiSz9z7ZKAX/RTq/WJEk3QyRr0wZpNhBDX+/0CtdqUIJlOiodQcta6tY3Q==}
    engines: {node: '>=18'}
    cpu: [arm64]
    os: [darwin]

  '@esbuild/darwin-x64@0.28.1':
    resolution: {integrity: sha512-zfdzgK9ACBNZLI/CyHTOx81SyNbM6YXn7rxSgX97VjyiPl9W1i4Ka4fgKECEoFCKGpvBj5qArWIGgQjOwkgskQ==}
    engines: {node: '>=18'}
    cpu: [x64]
    os: [darwin]

  '@esbuild/freebsd-arm64@0.28.1':
    resolution: {integrity: sha512-wG2EA8ENdEI0qhkSZMjfqrdY+ziCYCPMmtZjjIwOmXFjmyzEHn+UUxk5of+SYsjtfs3VpnlC7QLzSI5hY/rOAw==}
    engines: {node: '>=18'}
    cpu: [arm64]
    os: [freebsd]

  '@esbuild/freebsd-x64@0.28.1':
    resolution: {integrity: sha512-i7dZ9vQgnvSCzi/rYCXNgtF/U+eKZNJBzu3eTQbRgHnM7tNSizLOkRFAl3qzVc/Op/u5YkHHa4pf/3DOYHthLQ==}
    engines: {node: '>=18'}
    cpu: [x64]
    os: [freebsd]

  '@esbuild/linux-arm64@0.28.1':
    resolution: {integrity: sha512-yHs+0uc8+nvEAfAfxrWQKK5peSNzBc4PegcMO0EJ2hT71uA7vB8Ihg2e77R2P7SG5uYjPbHlLLmve4LLLRCf0g==}
    engines: {node: '>=18'}
    cpu: [arm64]
    os: [linux]

  '@esbuild/linux-arm@0.28.1':
    resolution: {integrity: sha512-qVXBOHQS+d5Y722GwJzJUtOLlX7km3CraOaGormF1pDtPd2C/l1SHRPgjLunLGe51Sh5YYWKMFDyV4SxgMQYTQ==}
    engines: {node: '>=18'}
    cpu: [arm]
    os: [linux]

  '@esbuild/linux-ia32@0.28.1':
    resolution: {integrity: sha512-d1z4ZuP0ajrfz/FhGT4vv278rX8KnPPJx8i5+AtK7TYbx9Le9F1hyzurZpkEyjkGa9dUGhQow4C1NmeGvqxN2w==}
    engines: {node: '>=18'}
    cpu: [ia32]
    os: [linux]

  '@esbuild/linux-loong64@0.28.1':
    resolution: {integrity: sha512-M5sRjUVZrkm1OAPR3dlOYzNmN+loZKGVi1VUQGrwuqLcbR6qeAz+famMhjASeH3YVKvZz+zT1jlh/keC3Rj/lg==}
    engines: {node: '>=18'}
    cpu: [loong64]
    os: [linux]

  '@esbuild/linux-mips64el@0.28.1':
    resolution: {integrity: sha512-mRObBZeHh2OxcBFPWE/FjylkRgZdYuiTR3vaTozquCGOH14iP9oN4x4Ge81CoIDYQrXmIxpFumJBu5MtZpnQJQ==}
    engines: {node: '>=18'}
    cpu: [mips64el]
    os: [linux]

  '@esbuild/linux-ppc64@0.28.1':
    resolution: {integrity: sha512-slScBsMAb3GFDcdrCgLwZtPYRoH2H/youv10QiZyRjmsP48fznoveWytSgCI/R0ZcUgpc0ZhIUEx6LHts8yrfQ==}
    engines: {node: '>=18'}
    cpu: [ppc64]
    os: [linux]

  '@esbuild/linux-riscv64@0.28.1':
    resolution: {integrity: sha512-kw0owk1o0GFETUJyW0jc0G4Yzs0BHZn0JDZ8JRT088vjJYX777BAs1fDGxAC+q831qOs2DTC96mNsG2opdfyyQ==}
    engines: {node: '>=18'}
    cpu: [riscv64]
    os: [linux]

  '@esbuild/linux-s390x@0.28.1':
    resolution: {integrity: sha512-/lAIjX8aYFRByhh6L5rYtPEDRqa9de/4V/juOXcta5frjvzXO4/sqEtyytse0g3zZFuWu5cDN0MkLz2qRDD2Ag==}
    engines: {node: '>=18'}
    cpu: [s390x]
    os: [linux]

  '@esbuild/linux-x64@0.28.1':
    resolution: {integrity: sha512-u/anNYF2mmVOEDwLtnQ1wOr3EZ9sTNGLWrsYGYwHWzGA3Si84IOkHXlbWTD1NB+9/1lcnweYKO54uhxZydNzfA==}
    engines: {node: '>=18'}
    cpu: [x64]
    os: [linux]

  '@esbuild/netbsd-arm64@0.28.1':
    resolution: {integrity: sha512-oks0DYbLwWMmaakTsCb+zL4E+aHRVLom9IJZOAthMQEPiQmydXHkziYEsGYRx0uNV/IjEKGAV941JzH02pflqw==}
    engines: {node: '>=18'}
    cpu: [arm64]
    os: [netbsd]

  '@esbuild/netbsd-x64@0.28.1':
    resolution: {integrity: sha512-aeL6lAnN89Hz43Mlh1G8ARasbuoYvSITDEx0tHh5b7jJnHcssqgjy9Yx430GDpmCa6OyrKoS0aNRjKundRizGg==}
    engines: {node: '>=18'}
    cpu: [x64]
    os: [netbsd]

  '@esbuild/openbsd-arm64@0.28.1':
    resolution: {integrity: sha512-MEFJe5C3R8pwXdZ5Y21oo6m7ePiS0d9pWucn99O/wvyJZChoIQKrQDxKrGeW8F5+T0okTHesAmDeiHDTIq0V/Q==}
    engines: {node: '>=18'}
    cpu: [arm64]
    os: [openbsd]

  '@esbuild/openbsd-x64@0.28.1':
    resolution: {integrity: sha512-i/ZLIOafE0Z8cI/XANJAixoJL/uRAoS2xOA3rb0xN+KK0K177cMAsQYkzHtBrtMXAKuAc7HGgcWiZ/sRC1Nxgw==}
    engines: {node: '>=18'}
    cpu: [x64]
    os: [openbsd]

  '@esbuild/openharmony-arm64@0.28.1':
    resolution: {integrity: sha512-ge+Z7EXFNt2BO1oAMsVpiQ8EwndV9i1xXerAeTIK7AtPs3bKFXQM7nlRxDSIUIMeueR1CNXxqztLzdNeReKBJg==}
    engines: {node: '>=18'}
    cpu: [arm64]
    os: [openharmony]

  '@esbuild/sunos-x64@0.28.1':
    resolution: {integrity: sha512-BEjgtECkL3vY+SaSQ6nzVfiALUeFxpawyp8Jmf5PtYhf1Ug40N1h/hxlhts+f1FvSvarEigdxS3BlSMI2PJLcQ==}
    engines: {node: '>=18'}
    cpu: [x64]
    os: [sunos]

  '@esbuild/win32-arm64@0.28.1':
    resolution: {integrity: sha512-lCv9eK/H6ZJWbE7bh2nw54CZ9M2nupBxJcTsdk/QQnWkdSjKGuxmmH8/GWrlT1eMmZfn4dGcCjRte397WqfQXA==}
    engines: {node: '>=18'}
    cpu: [arm64]
    os: [win32]

  '@esbuild/win32-ia32@0.28.1':
    resolution: {integrity: sha512-zvb/mB2bSCoJOpoCBgYKKpX6YM6mJBlBUVUtVj41DlZJVEB6/0CKlRYxP5wWl1C1ILiCoAU5wZZ4q1P3qeS6Eg==}
    engines: {node: '>=18'}
    cpu: [ia32]
    os: [win32]

  '@esbuild/win32-x64@0.28.1':
    resolution: {integrity: sha512-bm4Mowrv+GXMlpWX++EcXw/iLyd1o3+bJkC2DkWXYVvgZCqD/bSj9ctZeAMC3cIxgjRVR2Dufaiu4YPxr5gW1A==}
    engines: {node: '>=18'}
    cpu: [x64]
    os: [win32]

  '@fable-org/fable-library-js@2.1.1':
    resolution: {integrity: sha512-F/Da8Pw4MOT/+5X8j/KPCCDH6Mb8zWKZ4HXlyJhPoU2j++MvhH63FDeXICfUorpvq8XTrLy808H9Tv9TNd7VFw==}

  '@ff-labs/fff-bin-darwin-arm64@0.9.4':
    resolution: {integrity: sha512-xyivu2xB++O5xXDx5Qm50JsU2aXt8YgXlGVhH/HE7UMYDrE6L6f1RYdYs8Y0bn0D3D0+bFBrN5ELPszK9E4Wbw==}
    cpu: [arm64]
    os: [darwin]

  '@ff-labs/fff-bin-darwin-x64@0.9.4':
    resolution: {integrity: sha512-xLooAhCnTDCipPSMMZz7kGF3lhRHx6aP5fb6DJ0Ipyw/w/UWJb+xITJFszUl/QnIBoJ/qjDc93/FZMo1dk6gVA==}
    cpu: [x64]
    os: [darwin]

  '@ff-labs/fff-bin-linux-arm64-gnu@0.9.4':
    resolution: {integrity: sha512-m5+8vA+1veaUUWonwva1WsU6m1HRm8CpYUzr06KDB65mewlmPbqz7+Fh7hjEfiD8C4mHVHe6RysULvAH1yhsdw==}
    cpu: [arm64]
    os: [linux]
    libc: [glibc]

  '@ff-labs/fff-bin-linux-arm64-musl@0.9.4':
    resolution: {integrity: sha512-EMeWm7CSTVkizy4ZEzUkLDP024tVcbCUthduuIhekFQRDsiaAze0YboIylWb9HBHJCZlCCoZrWAl4nnJbsX7AA==}
    cpu: [arm64]
    os: [linux]
    libc: [musl]

  '@ff-labs/fff-bin-linux-x64-gnu@0.9.4':
    resolution: {integrity: sha512-pglE0uLkhnlE6bStXqfgUjYTSj+2sVwXaPfoA0QksidAsQor6NRt8004mygzC9DPubgHq5B9QezPfEwigKaP9Q==}
    cpu: [x64]
    os: [linux]
    libc: [glibc]

  '@ff-labs/fff-bin-linux-x64-musl@0.9.4':
    resolution: {integrity: sha512-VNKxgl8qs3aTfXViX7lqRK1aLu311h8dtBFqG4Scv+9Oi7WprybUp5L7IZ8sxKERaDAaiJMXHodXa1c90QdK8w==}
    cpu: [x64]
    os: [linux]
    libc: [musl]

  '@ff-labs/fff-bin-win32-arm64@0.9.4':
    resolution: {integrity: sha512-uFEt0aNL54vQxq1ivjxRuo+thnhS4wLqa4INl4VXnXJUmwB42XXxD+gsj7vzhBLLx4cFf0aWgy/+TVDR8yjZtQ==}
    cpu: [arm64]
    os: [win32]

  '@ff-labs/fff-bin-win32-x64@0.9.4':
    resolution: {integrity: sha512-Yd2Eyxj+slWv+0QDW9/xBpu9FXq+hwD0rXQD5184/88d+xwWCLKhEP2w8I6OO9XCg+kLT79UJb+k0WwXUtBtMw==}
    cpu: [x64]
    os: [win32]

  '@ff-labs/fff-node@0.9.4':
    resolution: {integrity: sha512-yUphwzcVBuNrg1iEAE5XVPOWfCLuq/BE1scUxtHMmLo+e1KuKWBRgSKFXGjNBfL8lV3c5VGwIgK66aBqmhqVBQ==}
    engines: {node: '>=18.0.0'}
    cpu: [x64, arm64]
    os: [darwin, linux, win32]

  '@kreuzberg/tree-sitter-language-pack@1.8.1':
    resolution: {integrity: sha512-24qZIP3CvDUD/XokRJPc7rD82M4RJZHn4GxMox35Iicye/q2NLiEkjiE6BSeyMltBHXoVCXFkzDDgVCXrQhmMQ==}
    engines: {node: '>= 16'}
    peerDependencies:
      tree-sitter: ^0.25.0
    peerDependenciesMeta:
      tree-sitter:
        optional: true

  '@msgpackr-extract/msgpackr-extract-darwin-arm64@3.0.4':
    resolution: {integrity: sha512-LCkGo6JDfaBhgST7UpPWgNgLINpcpabaHfyz5OBx75nUYxBsaEPxjnyNjWpeb/xBup/682QnBfRBy2/LvPutZQ==}
    cpu: [arm64]
    os: [darwin]

  '@msgpackr-extract/msgpackr-extract-darwin-x64@3.0.4':
    resolution: {integrity: sha512-zExlW9zUJKZH/tOtVMttwjKa4Xm/3KcNjnE3dPN92uCktwavMxpgCA3MoJK/DOnTWsQgo224OaST27/mPNAf+w==}
    cpu: [x64]
    os: [darwin]

  '@msgpackr-extract/msgpackr-extract-linux-arm64@3.0.4':
    resolution: {integrity: sha512-dgX0P/9wGPJeHFBG+ZmhgE6bmtMt7NP5CRBGyyktpopdk/mW4POnrpQsSLtKI1dwpc+pPLuXHDh6vvskyQE/sw==}
    cpu: [arm64]
    os: [linux]

  '@msgpackr-extract/msgpackr-extract-linux-arm@3.0.4':
    resolution: {integrity: sha512-Tg3yX65f5GbtXLkrYEHE5oibZG9epyYWas7FogTTEJeDEF9JlXJzKgXaNhT3UXlTOeA+AfZpYZYZ0uPj7Cfquw==}
    cpu: [arm]
    os: [linux]

  '@msgpackr-extract/msgpackr-extract-linux-x64@3.0.4':
    resolution: {integrity: sha512-8TNXMEjJc3QEy7R/x1INhgiU+XakDAFUzBhaz7+Rbrs8NH5UQeHQxxmzsSBJGyV6I1jW79undiQm8tOI+D+8FQ==}
    cpu: [x64]
    os: [linux]

  '@msgpackr-extract/msgpackr-extract-win32-x64@3.0.4':
    resolution: {integrity: sha512-CmCXPQrkbwExx3j946/PtHWHbYJiCRBRDl4BlkRQcJB/YOwQxJRTpoo7aTsortjgoJ1x7opzTSxn7C+ASSLVjQ==}
    cpu: [x64]
    os: [win32]

  '@opencode-ai/plugin@1.17.6':
    resolution: {integrity: sha512-xa7MBAP9mFch8yZvpNMo5O1TEITKv2Mvo6+IDiMIl+F0nswLBCE2K/45CLP1pB/p/jpFJd11ZrnnYkMYk0XNVg==}
    peerDependencies:
      '@opentui/core': '>=0.3.4'
      '@opentui/keymap': '>=0.3.4'
      '@opentui/solid': '>=0.3.4'
    peerDependenciesMeta:
      '@opentui/core':
        optional: true
      '@opentui/keymap':
        optional: true
      '@opentui/solid':
        optional: true

  '@opencode-ai/sdk@1.17.6':
    resolution: {integrity: sha512-kCzdd9Git2sjDjXSHj4mMWuU1RXZ38d7gFEcq2rzlVz7XV6PPwNw8pelWsk99La2CtDkpfoW5lfHnpCaK6/oBQ==}

  '@standard-schema/spec@1.1.0':
    resolution: {integrity: sha512-l2aFy5jALhniG5HgqrD6jXLi/rUWrKvqN/qJx6yoJsgKhblVd+iqqU4RCXavm/jPityDo5TCvKMnpjKnOriy0w==}

  '@yuuang/ffi-rs-android-arm64@1.3.2':
    resolution: {integrity: sha512-eDYLT0kVBkp7e2BwdRDmt6N1rkeDPUHDefk3ZX0/nok+GLsqfy1WBoSL3Yg7HVXN1EyW8OBVc2uK8Zq8HbmaSA==}
    engines: {node: '>= 12'}
    cpu: [arm64]
    os: [android]

  '@yuuang/ffi-rs-darwin-arm64@1.3.2':
    resolution: {integrity: sha512-kRdgPaOM6TfuC5wHUwstlatk4HNie2lwSLJWQL2LiAUIJ7+96CoiWUNVhwBcFrhdfxhnWenYS6F668CV0vit8Q==}
    engines: {node: '>= 12'}
    cpu: [arm64]
    os: [darwin]

  '@yuuang/ffi-rs-darwin-x64@1.3.2':
    resolution: {integrity: sha512-O3AlVgre8FQcZRJe44Xs7A6iDLumoPXqbw40+eJCa2gyXaXyLPdHoWrS1W9rBCa1QZRRnG7zRulPVFw8C5uo8g==}
    engines: {node: '>= 12'}
    cpu: [x64]
    os: [darwin]

  '@yuuang/ffi-rs-linux-arm-gnueabihf@1.3.2':
    resolution: {integrity: sha512-IXiNdTbIcTCPny5eeElijFWYeKSJjQWSjt9ZyJNdLHYiB1Np+XD6K7wNZS6EOMgMelhW1kQE62T654skGkVDIA==}
    engines: {node: '>= 12'}
    cpu: [arm]
    os: [linux]

  '@yuuang/ffi-rs-linux-arm64-gnu@1.3.2':
    resolution: {integrity: sha512-gWFO6xufUK9lPYUqDvKa6IR243dPqdetgl9Q7HrZWaDu7wLo06QQrosw8QTzndafQnOcBKm6LoLujmGCfTgJOA==}
    engines: {node: '>= 12'}
    cpu: [arm64]
    os: [linux]
    libc: [glibc]

  '@yuuang/ffi-rs-linux-arm64-musl@1.3.2':
    resolution: {integrity: sha512-lejvOSqypPziQH5rzfkDlJ6e92qhWbDutE9ttOO6z5I2k83zoh9iZhZWhaXSU5VqgQpcshRkrbtXb9gy1ft5dA==}
    engines: {node: '>= 12'}
    cpu: [arm64]
    os: [linux]
    libc: [musl]

  '@yuuang/ffi-rs-linux-x64-gnu@1.3.2':
    resolution: {integrity: sha512-s8VCFazaJKmgY2hgMTpWk4TtBY/zy5ovbaGgwyY0FvBD0YvyhcET4IrMsDJpHhFVTPCYfKZ1dN45clD/YiFp6g==}
    engines: {node: '>= 12'}
    cpu: [x64]
    os: [linux]
    libc: [glibc]

  '@yuuang/ffi-rs-linux-x64-musl@1.3.2':
    resolution: {integrity: sha512-Ahr5chfKZKWUik20bEZRug+be57LZ2yYrtolyjSRoo7A4ZniBUHBZUNWm6TD6i0CJayqyxWeVk/XiaABD8bY0w==}
    engines: {node: '>= 12'}
    cpu: [x64]
    os: [linux]
    libc: [glibc]

  '@yuuang/ffi-rs-win32-arm64-msvc@1.3.2':
    resolution: {integrity: sha512-yhpLcj0qel5VNlpzxPZfNmi7+rEX8444QHjUP6WWLxdRfqPllROu/Cp3OpkBpw3BLdxfcDhWkjWMD5QsJN0Pvg==}
    engines: {node: '>= 12'}
    cpu: [arm64]
    os: [win32]

  '@yuuang/ffi-rs-win32-ia32-msvc@1.3.2':
    resolution: {integrity: sha512-BFVSbdtg/7mJBw5kQFOPKFiA+SF7z3240HpzHN81Umm4Bp4dWkyx0msYn8+Q7/BBJiLQ4F6bi3Nftk58YA9r9w==}
    engines: {node: '>= 12'}
    cpu: [x64, ia32]
    os: [win32]

  '@yuuang/ffi-rs-win32-x64-msvc@1.3.2':
    resolution: {integrity: sha512-ZL5MJ76n2rjwGo26kCWW7wK6QT/cee00Rx8pfW79pz6vM6jqfhoE7zTnwFiw4aOQUes9+HUc5DeeJ3z+Vb9oLg==}
    engines: {node: '>= 12'}
    cpu: [x64]
    os: [win32]

  cross-spawn@7.0.6:
    resolution: {integrity: sha512-uV2QOWP2nWzsy2aMp8aRibhi9dlzF5Hgh5SHaB9OiTGEyDTiJJyx0uy51QXdyWbtAHNua4XJzUKca3OzKUd3vA==}
    engines: {node: '>= 8'}

  detect-libc@2.1.2:
    resolution: {integrity: sha512-Btj2BOOO83o3WyH59e8MgXsxEQVcarkUOpEYrubB0urwnN10yQ364rsiByU11nZlqWYZm05i/of7io4mzihBtQ==}
    engines: {node: '>=8'}

  effect@4.0.0-beta.74:
    resolution: {integrity: sha512-Yx+Kh12U+i2FmjwEfKs+ePFmpMd43RPD1oGqc/VraSS9bYzvF0Ff3PojwEFEVEewp8xc92Uxu28gTspU4qyvHA==}

  es-module-lexer@2.1.0:
    resolution: {integrity: sha512-n27zTYMjYu1aj4MjCWzSP7G9r75utsaoc8m61weK+W8JMBGGQybd43GstCXZ3WNmSFtGT9wi59qQTW6mhTR5LQ==}

  esbuild@0.28.1:
    resolution: {integrity: sha512-HrJrvZv5ayxBzPfwphOoNzkzOIIlifzk0KJrGK2c8R4+LKpMtpYLQeUdjnwjWv/LZlkH2laZk+4w78pi99D4Vw==}
    engines: {node: '>=18'}
    hasBin: true

  fast-check@4.8.0:
    resolution: {integrity: sha512-GOJ158CUMnN6cSahsv4+ExARvIDuzzinFjkp0E9WtiBa5zcVeLozVkWaE4IzFcc+Y48Wp1EDlUZsXRyAztQcSg==}
    engines: {node: '>=12.17.0'}

  ffi-rs@1.3.2:
    resolution: {integrity: sha512-4s8dX9VbBw/jd5NOuE3EJRqXaIVdjMyiumeeDzrOhtjQRwp6Bz2za7iksWXTnvTQKV/tTdm1s1w7mObe92zPjQ==}

  find-my-way-ts@0.1.6:
    resolution: {integrity: sha512-a85L9ZoXtNAey3Y6Z+eBWW658kO/MwR7zIafkIUPUMf3isZG0NCs2pjW2wtjxAKuJPxMAsHUIP4ZPGv0o5gyTA==}

  fsevents@2.3.3:
    resolution: {integrity: sha512-5xoDfX+fL7faATnagmWPpbFtwh/R77WmMMqqHGS65C3vvB0YHrgF+B1YmZ3441tMj5n63k0212XNoJwzlhffQw==}
    engines: {node: ^8.16.0 || ^10.6.0 || >=11.0.0}
    os: [darwin]

  highlight.js@11.11.1:
    resolution: {integrity: sha512-Xwwo44whKBVCYoliBQwaPvtd/2tYFkRQtXDWj1nackaV2JPXx3L0+Jvd8/qCJ2p+ML0/XVkJ2q+Mr+UVdpJK5w==}
    engines: {node: '>=12.0.0'}

  ini@7.0.0:
    resolution: {integrity: sha512-ifK0CgjALofS5bkrcTy4RaQ9Vx2Knf/eLeIO+NaswQEpH1UblrtTSCIvN71qQDMq0PeQ/SSPojvEJp9vvvfr+w==}
    engines: {node: ^22.22.2 || ^24.15.0 || >=26.0.0}

  isexe@2.0.0:
    resolution: {integrity: sha512-RHxMLp9lnKHGHRng9QFhRCMbYAcVpn69smSGcq3f36xjgVVWThj4qqLbTLlq7Ssj8B+fIQ1EuCEGI2lKsyQeIw==}

  kubernetes-types@1.30.0:
    resolution: {integrity: sha512-Dew1okvhM/SQcIa2rcgujNndZwU8VnSapDgdxlYoB84ZlpAD43U6KLAFqYo17ykSFGHNPrg0qry0bP+GJd9v7Q==}

  msgpackr-extract@3.0.4:
    resolution: {integrity: sha512-4kmO/MdyUIkLIvTPr8VHLil4AtoKIoniWPIEk5+CDy0xnWC84azhSFmuJ7PxZdsYtiP5kEeQsORAVIeMgxT+Hw==}
    hasBin: true

  msgpackr@2.0.4:
    resolution: {integrity: sha512-o1C5KRmuRt+apqMr1HuGSqWStZoRBUpEsCsl15uM9VdAF1qHLtvMOU2En747EnTyEl6c4pzPewRMFF31s1CNbA==}

  multipasta@0.2.7:
    resolution: {integrity: sha512-KPA58d68KgGil15oDqXjkUBEBYc00XvbPj5/X+dyzeo/lWm9Nc25pQRlf1D+gv4OpK7NM0J1odrbu9JNNGvynA==}

  node-gyp-build-optional-packages@5.2.2:
    resolution: {integrity: sha512-s+w+rBWnpTMwSFbaE0UXsRlg7hU4FjekKU4eyAih5T8nJuNZT1nNsskXpxmeqSK9UzkBl6UgRlnKc8hz8IEqOw==}
    hasBin: true

  path-key@3.1.1:
    resolution: {integrity: sha512-ojmeN0qd+y0jszEtoY48r0Peq5dwMEkIlCOu6Q5f41lfkswXuKtYrhgoTpLnyIcHm24Uhqx+5Tqm2InSwLhE6Q==}
    engines: {node: '>=8'}

  pure-rand@8.4.0:
    resolution: {integrity: sha512-IoM8YF/jY0hiugFo/wOWqfmarlE6J0wc6fDK1PhftMk7MGhVZl88sZimmqBBFomLOCSmcCCpsfj7wXASCpvK9A==}

  shebang-command@2.0.0:
    resolution: {integrity: sha512-kHxr2zZpYtdmrN1qDjrrX/Z1rR1kG8Dx+gkpK1G4eXmvXswmcE1hTWBWYUzlraYw1/yZp6YuDY77YtvbN0dmDA==}
    engines: {node: '>=8'}

  shebang-regex@3.0.0:
    resolution: {integrity: sha512-7++dFhtcx3353uBaq8DDR4NuxBetBzC7ZQOhmTQInHEd6bSrXdiEyzCvG07Z44UYdLShWUyXt5M/yhz8ekcb1A==}
    engines: {node: '>=8'}

  toml@4.1.1:
    resolution: {integrity: sha512-EBJnVBr3dTXdA89WVFoAIPUqkBjxPMwRqsfuo1r240tKFHXv3zgca4+NJib/h6TyvGF7vOawz0jGuryJCdNHrw==}
    engines: {node: '>=20'}

  tsx@4.22.4:
    resolution: {integrity: sha512-X8EX+XV4QR5xCsrgxaED954zTDfY8KqlDtskKEL0cHhyS/P8b4IFOvGDQpsC9Q1XnLq915wEfwwY/zzskCtmhg==}
    engines: {node: '>=18.0.0'}
    hasBin: true

  uuid@14.0.0:
    resolution: {integrity: sha512-Qo+uWgilfSmAhXCMav1uYFynlQO7fMFiMVZsQqZRMIXp0O7rR7qjkj+cPvBHLgBqi960QCoo/PH2/6ZtVqKvrg==}
    hasBin: true

  which@2.0.2:
    resolution: {integrity: sha512-BLI3Tl1TW3Pvl70l3yq3Y64i+awpwXqsGBYWkkqMtnbXgrMD+yj7rhW0kuEDxzJaYXGjEW5ogapKNMEKNMjibA==}
    engines: {node: '>= 8'}
    hasBin: true

  yaml@2.9.0:
    resolution: {integrity: sha512-2AvhNX3mb8zd6Zy7INTtSpl1F15HW6Wnqj0srWlkKLcpYl/gMIMJiyuGq2KeI2YFxUPjdlB+3Lc10seMLtL4cA==}
    engines: {node: '>= 14.6'}
    hasBin: true

  zod@4.1.8:
    resolution: {integrity: sha512-5R1P+WwQqmmMIEACyzSvo4JXHY5WiAFHRMg+zBZKgKS+Q1viRa0C1hmUKtHltoIFKtIdki3pRxkmpP74jnNYHQ==}

snapshots:

  '@esbuild/aix-ppc64@0.28.1':
    optional: true

  '@esbuild/android-arm64@0.28.1':
    optional: true

  '@esbuild/android-arm@0.28.1':
    optional: true

  '@esbuild/android-x64@0.28.1':
    optional: true

  '@esbuild/darwin-arm64@0.28.1':
    optional: true

  '@esbuild/darwin-x64@0.28.1':
    optional: true

  '@esbuild/freebsd-arm64@0.28.1':
    optional: true

  '@esbuild/freebsd-x64@0.28.1':
    optional: true

  '@esbuild/linux-arm64@0.28.1':
    optional: true

  '@esbuild/linux-arm@0.28.1':
    optional: true

  '@esbuild/linux-ia32@0.28.1':
    optional: true

  '@esbuild/linux-loong64@0.28.1':
    optional: true

  '@esbuild/linux-mips64el@0.28.1':
    optional: true

  '@esbuild/linux-ppc64@0.28.1':
    optional: true

  '@esbuild/linux-riscv64@0.28.1':
    optional: true

  '@esbuild/linux-s390x@0.28.1':
    optional: true

  '@esbuild/linux-x64@0.28.1':
    optional: true

  '@esbuild/netbsd-arm64@0.28.1':
    optional: true

  '@esbuild/netbsd-x64@0.28.1':
    optional: true

  '@esbuild/openbsd-arm64@0.28.1':
    optional: true

  '@esbuild/openbsd-x64@0.28.1':
    optional: true

  '@esbuild/openharmony-arm64@0.28.1':
    optional: true

  '@esbuild/sunos-x64@0.28.1':
    optional: true

  '@esbuild/win32-arm64@0.28.1':
    optional: true

  '@esbuild/win32-ia32@0.28.1':
    optional: true

  '@esbuild/win32-x64@0.28.1':
    optional: true

  '@fable-org/fable-library-js@2.1.1': {}

  '@ff-labs/fff-bin-darwin-arm64@0.9.4':
    optional: true

  '@ff-labs/fff-bin-darwin-x64@0.9.4':
    optional: true

  '@ff-labs/fff-bin-linux-arm64-gnu@0.9.4':
    optional: true

  '@ff-labs/fff-bin-linux-arm64-musl@0.9.4':
    optional: true

  '@ff-labs/fff-bin-linux-x64-gnu@0.9.4':
    optional: true

  '@ff-labs/fff-bin-linux-x64-musl@0.9.4':
    optional: true

  '@ff-labs/fff-bin-win32-arm64@0.9.4':
    optional: true

  '@ff-labs/fff-bin-win32-x64@0.9.4':
    optional: true

  '@ff-labs/fff-node@0.9.4':
    dependencies:
      ffi-rs: 1.3.2
    optionalDependencies:
      '@ff-labs/fff-bin-darwin-arm64': 0.9.4
      '@ff-labs/fff-bin-darwin-x64': 0.9.4
      '@ff-labs/fff-bin-linux-arm64-gnu': 0.9.4
      '@ff-labs/fff-bin-linux-arm64-musl': 0.9.4
      '@ff-labs/fff-bin-linux-x64-gnu': 0.9.4
      '@ff-labs/fff-bin-linux-x64-musl': 0.9.4
      '@ff-labs/fff-bin-win32-arm64': 0.9.4
      '@ff-labs/fff-bin-win32-x64': 0.9.4
    optional: true

  '@kreuzberg/tree-sitter-language-pack@1.8.1':
    optional: true

  '@msgpackr-extract/msgpackr-extract-darwin-arm64@3.0.4':
    optional: true

  '@msgpackr-extract/msgpackr-extract-darwin-x64@3.0.4':
    optional: true

  '@msgpackr-extract/msgpackr-extract-linux-arm64@3.0.4':
    optional: true

  '@msgpackr-extract/msgpackr-extract-linux-arm@3.0.4':
    optional: true

  '@msgpackr-extract/msgpackr-extract-linux-x64@3.0.4':
    optional: true

  '@msgpackr-extract/msgpackr-extract-win32-x64@3.0.4':
    optional: true

  '@opencode-ai/plugin@1.17.6':
    dependencies:
      '@opencode-ai/sdk': 1.17.6
      effect: 4.0.0-beta.74
      zod: 4.1.8

  '@opencode-ai/sdk@1.17.6':
    dependencies:
      cross-spawn: 7.0.6

  '@standard-schema/spec@1.1.0': {}

  '@yuuang/ffi-rs-android-arm64@1.3.2':
    optional: true

  '@yuuang/ffi-rs-darwin-arm64@1.3.2':
    optional: true

  '@yuuang/ffi-rs-darwin-x64@1.3.2':
    optional: true

  '@yuuang/ffi-rs-linux-arm-gnueabihf@1.3.2':
    optional: true

  '@yuuang/ffi-rs-linux-arm64-gnu@1.3.2':
    optional: true

  '@yuuang/ffi-rs-linux-arm64-musl@1.3.2':
    optional: true

  '@yuuang/ffi-rs-linux-x64-gnu@1.3.2':
    optional: true

  '@yuuang/ffi-rs-linux-x64-musl@1.3.2':
    optional: true

  '@yuuang/ffi-rs-win32-arm64-msvc@1.3.2':
    optional: true

  '@yuuang/ffi-rs-win32-ia32-msvc@1.3.2':
    optional: true

  '@yuuang/ffi-rs-win32-x64-msvc@1.3.2':
    optional: true

  cross-spawn@7.0.6:
    dependencies:
      path-key: 3.1.1
      shebang-command: 2.0.0
      which: 2.0.2

  detect-libc@2.1.2:
    optional: true

  effect@4.0.0-beta.74:
    dependencies:
      '@standard-schema/spec': 1.1.0
      fast-check: 4.8.0
      find-my-way-ts: 0.1.6
      ini: 7.0.0
      kubernetes-types: 1.30.0
      msgpackr: 2.0.4
      multipasta: 0.2.7
      toml: 4.1.1
      uuid: 14.0.0
      yaml: 2.9.0

  es-module-lexer@2.1.0:
    optional: true

  esbuild@0.28.1:
    optionalDependencies:
      '@esbuild/aix-ppc64': 0.28.1
      '@esbuild/android-arm': 0.28.1
      '@esbuild/android-arm64': 0.28.1
      '@esbuild/android-x64': 0.28.1
      '@esbuild/darwin-arm64': 0.28.1
      '@esbuild/darwin-x64': 0.28.1
      '@esbuild/freebsd-arm64': 0.28.1
      '@esbuild/freebsd-x64': 0.28.1
      '@esbuild/linux-arm': 0.28.1
      '@esbuild/linux-arm64': 0.28.1
      '@esbuild/linux-ia32': 0.28.1
      '@esbuild/linux-loong64': 0.28.1
      '@esbuild/linux-mips64el': 0.28.1
      '@esbuild/linux-ppc64': 0.28.1
      '@esbuild/linux-riscv64': 0.28.1
      '@esbuild/linux-s390x': 0.28.1
      '@esbuild/linux-x64': 0.28.1
      '@esbuild/netbsd-arm64': 0.28.1
      '@esbuild/netbsd-x64': 0.28.1
      '@esbuild/openbsd-arm64': 0.28.1
      '@esbuild/openbsd-x64': 0.28.1
      '@esbuild/openharmony-arm64': 0.28.1
      '@esbuild/sunos-x64': 0.28.1
      '@esbuild/win32-arm64': 0.28.1
      '@esbuild/win32-ia32': 0.28.1
      '@esbuild/win32-x64': 0.28.1
    optional: true

  fast-check@4.8.0:
    dependencies:
      pure-rand: 8.4.0

  ffi-rs@1.3.2:
    optionalDependencies:
      '@yuuang/ffi-rs-android-arm64': 1.3.2
      '@yuuang/ffi-rs-darwin-arm64': 1.3.2
      '@yuuang/ffi-rs-darwin-x64': 1.3.2
      '@yuuang/ffi-rs-linux-arm-gnueabihf': 1.3.2
      '@yuuang/ffi-rs-linux-arm64-gnu': 1.3.2
      '@yuuang/ffi-rs-linux-arm64-musl': 1.3.2
      '@yuuang/ffi-rs-linux-x64-gnu': 1.3.2
      '@yuuang/ffi-rs-linux-x64-musl': 1.3.2
      '@yuuang/ffi-rs-win32-arm64-msvc': 1.3.2
      '@yuuang/ffi-rs-win32-ia32-msvc': 1.3.2
      '@yuuang/ffi-rs-win32-x64-msvc': 1.3.2
    optional: true

  find-my-way-ts@0.1.6: {}

  fsevents@2.3.3:
    optional: true

  highlight.js@11.11.1:
    optional: true

  ini@7.0.0: {}

  isexe@2.0.0: {}

  kubernetes-types@1.30.0: {}

  msgpackr-extract@3.0.4:
    dependencies:
      node-gyp-build-optional-packages: 5.2.2
    optionalDependencies:
      '@msgpackr-extract/msgpackr-extract-darwin-arm64': 3.0.4
      '@msgpackr-extract/msgpackr-extract-darwin-x64': 3.0.4
      '@msgpackr-extract/msgpackr-extract-linux-arm': 3.0.4
      '@msgpackr-extract/msgpackr-extract-linux-arm64': 3.0.4
      '@msgpackr-extract/msgpackr-extract-linux-x64': 3.0.4
      '@msgpackr-extract/msgpackr-extract-win32-x64': 3.0.4
    optional: true

  msgpackr@2.0.4:
    optionalDependencies:
      msgpackr-extract: 3.0.4

  multipasta@0.2.7: {}

  node-gyp-build-optional-packages@5.2.2:
    dependencies:
      detect-libc: 2.1.2
    optional: true

  path-key@3.1.1: {}

  pure-rand@8.4.0: {}

  shebang-command@2.0.0:
    dependencies:
      shebang-regex: 3.0.0

  shebang-regex@3.0.0: {}

  toml@4.1.1: {}

  tsx@4.22.4:
    dependencies:
      esbuild: 0.28.1
    optionalDependencies:
      fsevents: 2.3.3
    optional: true

  uuid@14.0.0: {}

  which@2.0.2:
    dependencies:
      isexe: 2.0.0

  yaml@2.9.0: {}

  zod@4.1.8: {}
